
Microsoft Visual Studio Solution File, Format Version 12.00
Project("{FAE04EC0-301F-11D3-BF4B-00C04F79EFBC}") = "TaskRestApi", "TaskRestApi\TaskRestApi.csproj", "{AFDB8560-77A3-4291-8516-0D0D830699B2}"
EndProject
Global
	GlobalSection(SolutionConfigurationPlatforms) = preSolution
		Debug|Any CPU = Debug|Any CPU
		Release|Any CPU = Release|Any CPU
	EndGlobalSection
	GlobalSection(ProjectConfigurationPlatforms) = postSolution
		{AFDB8560-77A3-4291-8516-0D0D830699B2}.Debug|Any CPU.ActiveCfg = Debug|Any CPU
		{AFDB8560-77A3-4291-8516-0D0D830699B2}.Debug|Any CPU.Build.0 = Debug|Any CPU
		{AFDB8560-77A3-4291-8516-0D0D830699B2}.Release|Any CPU.ActiveCfg = Release|Any CPU
		{AFDB8560-77A3-4291-8516-0D0D830699B2}.Release|Any CPU.Build.0 = Release|Any CPU
	EndGlobalSection
EndGlobal
